<?xml version="1.0" encoding="utf-8"?>
<Project ToolsVersion="4.0" xmlns="http://schemas.microsoft.com/developer/msbuild/2003">
  <ItemGroup>
    <ClCompile Include="ImageRenderer.cpp">
      <Filter>Kinect</Filter>
    </ClCompile>
    <ClCompile Include="KinectHDFaceGrabber.cpp">
      <Filter>Kinect</Filter>
    </ClCompile>
    <ClCompile Include="PCLViewer.cpp">
      <Filter>PCL Viewer</Filter>
    </ClCompile>
    <ClCompile Include="WindowsApplication.cpp">
      <Filter>WindowsApp</Filter>
    </ClCompile>
    <ClCompile Include="PCLInputReader.cpp">
      <Filter>InputReader</Filter>
    </ClCompile>
    <ClCompile Include="OutputStreamsUpdaterStragedy.cpp">
      <Filter>Kinect</Filter>
    </ClCompile>
    <ClCompile Include="ColouredOutputStreamUpdater.cpp">
      <Filter>Kinect</Filter>
    </ClCompile>
    <ClCompile Include="NonColouredOutputStreamsUpdater.cpp">
      <Filter>Kinect</Filter>
    </ClCompile>
    <ClCompile Include="KinectCloudOutputWriter.cpp">
      <Filter>FileWriter</Filter>
    </ClCompile>
    <ClCompile Include="Main.cpp">
      <Filter>WindowsApp</Filter>
    </ClCompile>
    <ClCompile Include="Buffer.cpp">
      <Filter>InputReader</Filter>
    </ClCompile>
    <ClCompile Include="BufferSynchronizer.cpp">
      <Filter>InputReader</Filter>
    </ClCompile>
    <ClCompile Include="PCLInputReaderWorkerThread.cpp">
      <Filter>InputReader</Filter>
    </ClCompile>
    <ClCompile Include="KinectFileWriterThread.cpp">
      <Filter>FileWriter</Filter>
    </ClCompile>
    <ClCompile Include="SingleProducerBuffer.cpp">
      <Filter>FileWriter</Filter>
    </ClCompile>
    <ClCompile Include="PlaybackTabHandler.cpp">
      <Filter>WindowsApp\Tabs</Filter>
    </ClCompile>
    <ClCompile Include="RecordTabHandler.cpp">
      <Filter>WindowsApp\Tabs</Filter>
    </ClCompile>
    <ClCompile Include="ConvertTabHandler.cpp">
      <Filter>WindowsApp\Tabs</Filter>
    </ClCompile>
    <ClCompile Include="PlaybackConfiguration.cpp">
      <Filter>WindowsApp\Model</Filter>
    </ClCompile>
    <ClCompile Include="RecordingConfiguration.cpp">
      <Filter>WindowsApp\Model</Filter>
    </ClCompile>
    <ClCompile Include="SimpleRecordingConfiguration.cpp">
      <Filter>WindowsApp\Model</Filter>
    </ClCompile>
  </ItemGroup>
  <ItemGroup>
    <ClInclude Include="ImageRenderer.h">
      <Filter>Kinect</Filter>
    </ClInclude>
    <ClInclude Include="KinectHDFaceGrabber.h">
      <Filter>Kinect</Filter>
    </ClInclude>
    <ClInclude Include="PCLViewer.h">
      <Filter>PCL Viewer</Filter>
    </ClInclude>
    <ClInclude Include="WindowsApplication.h">
      <Filter>WindowsApp</Filter>
    </ClInclude>
    <ClInclude Include="resource.h">
      <Filter>WindowsApp</Filter>
    </ClInclude>
    <ClInclude Include="stdafx.h">
      <Filter>WindowsApp</Filter>
    </ClInclude>
    <ClInclude Include="PCLInputReader.h">
      <Filter>InputReader</Filter>
    </ClInclude>
    <ClInclude Include="OutputStreamsUpdaterStragedy.h">
      <Filter>Kinect</Filter>
    </ClInclude>
    <ClInclude Include="ColouredOutputStreamUpdater.h">
      <Filter>Kinect</Filter>
    </ClInclude>
    <ClInclude Include="NonColouredOutputStreamsUpdater.h">
      <Filter>Kinect</Filter>
    </ClInclude>
    <ClInclude Include="KinectCloudOutputWriter.h">
      <Filter>FileWriter</Filter>
    </ClInclude>
    <ClInclude Include="Buffer.h">
      <Filter>InputReader</Filter>
    </ClInclude>
    <ClInclude Include="BufferSynchronizer.h">
      <Filter>InputReader</Filter>
    </ClInclude>
    <ClInclude Include="PCLInputReaderWorkerThread.h">
      <Filter>InputReader</Filter>
    </ClInclude>
    <ClInclude Include="KinectFileWriterThread.h">
      <Filter>FileWriter</Filter>
    </ClInclude>
    <ClInclude Include="SingleProducerBuffer.h">
      <Filter>FileWriter</Filter>
    </ClInclude>
    <ClInclude Include="CloudMeasurementSource.h">
      <Filter>FileWriter</Filter>
    </ClInclude>
    <ClInclude Include="PlaybackTabHandler.h">
      <Filter>WindowsApp\Tabs</Filter>
    </ClInclude>
    <ClInclude Include="RecordTabHandler.h">
      <Filter>WindowsApp\Tabs</Filter>
    </ClInclude>
    <ClInclude Include="ConvertTabHandler.h">
      <Filter>WindowsApp\Tabs</Filter>
    </ClInclude>
    <ClInclude Include="IRecordingConfiguration.h">
      <Filter>WindowsApp\Model</Filter>
    </ClInclude>
    <ClInclude Include="SimpleRecordingConfiguration.h">
      <Filter>WindowsApp\Model</Filter>
    </ClInclude>
    <ClInclude Include="PlaybackConfiguration.h">
      <Filter>WindowsApp\Model</Filter>
    </ClInclude>
    <ClInclude Include="RecordingConfiguration.h">
      <Filter>WindowsApp\Model</Filter>
    </ClInclude>
  </ItemGroup>
  <ItemGroup>
    <Filter Include="Kinect">
      <UniqueIdentifier>{846da2e2-37ed-449f-bb16-0b70dbf1938e}</UniqueIdentifier>
    </Filter>
    <Filter Include="PCL Viewer">
      <UniqueIdentifier>{11f8c5d7-f06e-42e4-a730-1688e8ffaa28}</UniqueIdentifier>
    </Filter>
    <Filter Include="WindowsApp">
      <UniqueIdentifier>{e550a893-db7a-48bb-8d51-aa130cb81681}</UniqueIdentifier>
    </Filter>
    <Filter Include="InputReader">
      <UniqueIdentifier>{cb22bb0e-944c-41ef-afcf-f0111e82829e}</UniqueIdentifier>
    </Filter>
    <Filter Include="FileWriter">
      <UniqueIdentifier>{32d72b10-368d-4e5b-af47-a9c5c1f79aca}</UniqueIdentifier>
    </Filter>
    <Filter Include="WindowsApp\Tabs">
      <UniqueIdentifier>{a149b04d-9fb8-469f-9ba9-6b11baf710d5}</UniqueIdentifier>
    </Filter>
    <Filter Include="WindowsApp\Model">
      <UniqueIdentifier>{4af2f27f-993d-4b67-8178-6f6e1e61b62e}</UniqueIdentifier>
    </Filter>
  </ItemGroup>
  <ItemGroup>
    <ResourceCompile Include="FaceBasics.rc">
      <Filter>Kinect</Filter>
    </ResourceCompile>
  </ItemGroup>
  <ItemGroup>
    <Image Include="app.ico">
      <Filter>WindowsApp</Filter>
    </Image>
  </ItemGroup>
</Project>