<?xml version="1.0" encoding="utf-8"?>
<Project ToolsVersion="4.0" xmlns="http://schemas.microsoft.com/developer/msbuild/2003">
  <ItemGroup>
    <ClCompile Include="ImageRenderer.cpp">
      <Filter>Kinect</Filter>
    </ClCompile>
    <ClCompile Include="KinectHDFaceGrabber.cpp">
      <Filter>Kinect</Filter>
    </ClCompile>
    <ClCompile Include="PCLViewer.cpp">
      <Filter>PCL Viewer</Filter>
    </ClCompile>
    <ClCompile Include="Main.cpp">
      <Filter>Kinect</Filter>
    </ClCompile>
    <ClCompile Include="WindowsApplication.cpp">
      <Filter>WindowsApp</Filter>
    </ClCompile>
    <ClCompile Include="KinectCloudOutputWriter.cpp">
      <Filter>Kinect</Filter>
    </ClCompile>
    <ClCompile Include="PCLInputReader.cpp">
      <Filter>InputReader</Filter>
    </ClCompile>
    <ClCompile Include="KinectDepthGrabber.cpp" />
  </ItemGroup>
  <ItemGroup>
    <ClInclude Include="ImageRenderer.h">
      <Filter>Kinect</Filter>
    </ClInclude>
    <ClInclude Include="KinectHDFaceGrabber.h">
      <Filter>Kinect</Filter>
    </ClInclude>
    <ClInclude Include="PCLViewer.h">
      <Filter>PCL Viewer</Filter>
    </ClInclude>
    <ClInclude Include="WindowsApplication.h">
      <Filter>WindowsApp</Filter>
    </ClInclude>
    <ClInclude Include="KinectCloudOutputWriter.h">
      <Filter>Kinect</Filter>
    </ClInclude>
    <ClInclude Include="resource.h">
      <Filter>WindowsApp</Filter>
    </ClInclude>
    <ClInclude Include="stdafx.h">
      <Filter>WindowsApp</Filter>
    </ClInclude>
    <ClInclude Include="PCLInputReader.h">
      <Filter>InputReader</Filter>
    </ClInclude>
    <ClInclude Include="KinectDepthGrabber.h" />
  </ItemGroup>
  <ItemGroup>
    <Filter Include="Kinect">
      <UniqueIdentifier>{846da2e2-37ed-449f-bb16-0b70dbf1938e}</UniqueIdentifier>
    </Filter>
    <Filter Include="PCL Viewer">
      <UniqueIdentifier>{11f8c5d7-f06e-42e4-a730-1688e8ffaa28}</UniqueIdentifier>
    </Filter>
    <Filter Include="WindowsApp">
      <UniqueIdentifier>{e550a893-db7a-48bb-8d51-aa130cb81681}</UniqueIdentifier>
    </Filter>
    <Filter Include="InputReader">
      <UniqueIdentifier>{cb22bb0e-944c-41ef-afcf-f0111e82829e}</UniqueIdentifier>
    </Filter>
  </ItemGroup>
  <ItemGroup>
    <ResourceCompile Include="FaceBasics.rc">
      <Filter>Kinect</Filter>
    </ResourceCompile>
  </ItemGroup>
  <ItemGroup>
    <Image Include="app.ico">
      <Filter>WindowsApp</Filter>
    </Image>
  </ItemGroup>
</Project>